
Microsoft Visual Studio Solution File, Format Version 12.00
# Visual Studio 15
VisualStudioVersion = 15.0.27004.2009
MinimumVisualStudioVersion = 10.0.40219.1
Project("{FAE04EC0-301F-11D3-BF4B-00C04F79EFBC}") = "Words Calculator", "Words Calculator\Words Calculator.csproj", "{48E59166-C6DF-473A-858B-7C3A74C07A6D}"
EndProject
Global
	GlobalSection(SolutionConfigurationPlatforms) = preSolution
		Debug|Any CPU = Debug|Any CPU
		Release|Any CPU = Release|Any CPU
	EndGlobalSection
	GlobalSection(ProjectConfigurationPlatforms) = postSolution
		{48E59166-C6DF-473A-858B-7C3A74C07A6D}.Debug|Any CPU.ActiveCfg = Debug|Any CPU
		{48E59166-C6DF-473A-858B-7C3A74C07A6D}.Debug|Any CPU.Build.0 = Debug|Any CPU
		{48E59166-C6DF-473A-858B-7C3A74C07A6D}.Release|Any CPU.ActiveCfg = Release|Any CPU
		{48E59166-C6DF-473A-858B-7C3A74C07A6D}.Release|Any CPU.Build.0 = Release|Any CPU
	EndGlobalSection
	GlobalSection(SolutionProperties) = preSolution
		HideSolutionNode = FALSE
	EndGlobalSection
	GlobalSection(ExtensibilityGlobals) = postSolution
		SolutionGuid = {3D788C7C-CDAC-4F39-845E-607F80C9483F}
	EndGlobalSection
EndGlobal
